
Microsoft Visual Studio Solution File, Format Version 12.00
# Visual Studio 14
VisualStudioVersion = 14.0.25420.1
MinimumVisualStudioVersion = 10.0.40219.1
Project("{FAE04EC0-301F-11D3-BF4B-00C04F79EFBC}") = "ASPizza", "ASPizza\ASPizza.csproj", "{8EB12BE9-17D8-4717-89DB-09B17670DC99}"
EndProject
Project("{FAE04EC0-301F-11D3-BF4B-00C04F79EFBC}") = "ASPizzaTests", "ASPizzaUnitTest\ASPizzaTests.csproj", "{0B1F3FCC-BB07-4E04-AA1B-67A661604FD9}"
EndProject
Project("{FAE04EC0-301F-11D3-BF4B-00C04F79EFBC}") = "CodedUITestProject", "CodedUITestProject\CodedUITestProject.csproj", "{A4C8D79A-EAF3-4643-8A10-41E9F3155A74}"
EndProject
Global
	GlobalSection(SolutionConfigurationPlatforms) = preSolution
		Debug|Any CPU = Debug|Any CPU
		Release|Any CPU = Release|Any CPU
	EndGlobalSection
	GlobalSection(ProjectConfigurationPlatforms) = postSolution
		{8EB12BE9-17D8-4717-89DB-09B17670DC99}.Debug|Any CPU.ActiveCfg = Debug|Any CPU
		{8EB12BE9-17D8-4717-89DB-09B17670DC99}.Debug|Any CPU.Build.0 = Debug|Any CPU
		{8EB12BE9-17D8-4717-89DB-09B17670DC99}.Release|Any CPU.ActiveCfg = Release|Any CPU
		{8EB12BE9-17D8-4717-89DB-09B17670DC99}.Release|Any CPU.Build.0 = Release|Any CPU
		{0B1F3FCC-BB07-4E04-AA1B-67A661604FD9}.Debug|Any CPU.ActiveCfg = Debug|Any CPU
		{0B1F3FCC-BB07-4E04-AA1B-67A661604FD9}.Debug|Any CPU.Build.0 = Debug|Any CPU
		{0B1F3FCC-BB07-4E04-AA1B-67A661604FD9}.Release|Any CPU.ActiveCfg = Release|Any CPU
		{0B1F3FCC-BB07-4E04-AA1B-67A661604FD9}.Release|Any CPU.Build.0 = Release|Any CPU
		{A4C8D79A-EAF3-4643-8A10-41E9F3155A74}.Debug|Any CPU.ActiveCfg = Debug|Any CPU
		{A4C8D79A-EAF3-4643-8A10-41E9F3155A74}.Debug|Any CPU.Build.0 = Debug|Any CPU
		{A4C8D79A-EAF3-4643-8A10-41E9F3155A74}.Release|Any CPU.ActiveCfg = Release|Any CPU
		{A4C8D79A-EAF3-4643-8A10-41E9F3155A74}.Release|Any CPU.Build.0 = Release|Any CPU
	EndGlobalSection
	GlobalSection(SolutionProperties) = preSolution
		HideSolutionNode = FALSE
	EndGlobalSection
EndGlobal
